
Microsoft Visual Studio Solution File, Format Version 12.00
# Visual Studio 2012
Project("{2150E333-8FDC-42A3-9474-1A3956D46DE8}") = "Solution Items", "Solution Items", "{78B4CB61-81F8-4466-B2BA-F0885FF0659C}"
	ProjectSection(SolutionItems) = preProject
		SolutionInfo.cs = SolutionInfo.cs
	EndProjectSection
EndProject
Project("{2150E333-8FDC-42A3-9474-1A3956D46DE8}") = "DB", "DB", "{B4FDBF0C-B593-42FB-AD33-F5F85FD30C6A}"
	ProjectSection(SolutionItems) = preProject
		DB\CreateAbbeSaysDb.sql = DB\CreateAbbeSaysDb.sql
		DB\Migration1.sql = DB\Migration1.sql
		DB\Migration2.sql = DB\Migration2.sql
		DB\Migration3.sql = DB\Migration3.sql
	EndProjectSection
EndProject
Project("{FAE04EC0-301F-11D3-BF4B-00C04F79EFBC}") = "AbbeSays.Web", "AbbeSays.Web\AbbeSays.Web.csproj", "{13356FEE-BE24-46B3-8C63-40C9E159DEC5}"
EndProject
Project("{FAE04EC0-301F-11D3-BF4B-00C04F79EFBC}") = "AbbeSays.Specs", "AbbeSays.Specs\AbbeSays.Specs.csproj", "{C4218C26-8820-4536-8893-997D1036BDFA}"
EndProject
Project("{FAE04EC0-301F-11D3-BF4B-00C04F79EFBC}") = "AbbeSays.Tests", "AbbeSays.Tests\AbbeSays.Tests.csproj", "{4A7CED5A-A491-4837-B4CB-40EAE62017CB}"
EndProject
Project("{2150E333-8FDC-42A3-9474-1A3956D46DE8}") = ".nuget", ".nuget", "{DDB9F7F8-B042-4D49-8F11-B66A4587828F}"
	ProjectSection(SolutionItems) = preProject
		.nuget\NuGet.Config = .nuget\NuGet.Config
		.nuget\NuGet.exe = .nuget\NuGet.exe
		.nuget\NuGet.targets = .nuget\NuGet.targets
	EndProjectSection
EndProject
Global
	GlobalSection(SolutionConfigurationPlatforms) = preSolution
		Debug|Any CPU = Debug|Any CPU
		Release|Any CPU = Release|Any CPU
	EndGlobalSection
	GlobalSection(ProjectConfigurationPlatforms) = postSolution
		{13356FEE-BE24-46B3-8C63-40C9E159DEC5}.Debug|Any CPU.ActiveCfg = Debug|Any CPU
		{13356FEE-BE24-46B3-8C63-40C9E159DEC5}.Debug|Any CPU.Build.0 = Debug|Any CPU
		{13356FEE-BE24-46B3-8C63-40C9E159DEC5}.Release|Any CPU.ActiveCfg = Release|Any CPU
		{13356FEE-BE24-46B3-8C63-40C9E159DEC5}.Release|Any CPU.Build.0 = Release|Any CPU
		{C4218C26-8820-4536-8893-997D1036BDFA}.Debug|Any CPU.ActiveCfg = Debug|Any CPU
		{C4218C26-8820-4536-8893-997D1036BDFA}.Debug|Any CPU.Build.0 = Debug|Any CPU
		{C4218C26-8820-4536-8893-997D1036BDFA}.Release|Any CPU.ActiveCfg = Release|Any CPU
		{C4218C26-8820-4536-8893-997D1036BDFA}.Release|Any CPU.Build.0 = Release|Any CPU
		{4A7CED5A-A491-4837-B4CB-40EAE62017CB}.Debug|Any CPU.ActiveCfg = Debug|Any CPU
		{4A7CED5A-A491-4837-B4CB-40EAE62017CB}.Debug|Any CPU.Build.0 = Debug|Any CPU
		{4A7CED5A-A491-4837-B4CB-40EAE62017CB}.Release|Any CPU.ActiveCfg = Release|Any CPU
		{4A7CED5A-A491-4837-B4CB-40EAE62017CB}.Release|Any CPU.Build.0 = Release|Any CPU
	EndGlobalSection
	GlobalSection(SolutionProperties) = preSolution
		HideSolutionNode = FALSE
	EndGlobalSection
	GlobalSection(NestedProjects) = preSolution
		{B4FDBF0C-B593-42FB-AD33-F5F85FD30C6A} = {78B4CB61-81F8-4466-B2BA-F0885FF0659C}
	EndGlobalSection
EndGlobal
